# This file is automatically @generated by Poetry 1.8.4 and should not be changed by hand.

[[package]]
name = "kazoo"
version = "2.10.0"
description = "\"Higher Level Zookeeper Client\""
optional = false
python-versions = "*"
files = [
    {file = "kazoo-2.10.0-py2.py3-none-any.whl", hash = "sha256:de2d69168de432ff66b457a26c727a5bf7ff53af5806653fd1df7f04b6a5483c"},
    {file = "kazoo-2.10.0.tar.gz", hash = "sha256:905796ae4f4c12bd4e4ae92e6e5d018439e6b56c8cfbb24825362e79b230dab1"},
]

[package.extras]
alldeps = ["Sphinx (>=1.2.2)", "eventlet (>=0.17.1)", "flake8", "gevent (>=1.2)", "mypy (>=0.991)", "pure-sasl (>=0.5.1)", "sphinx-autodoc-typehints (>=1)"]
dev = ["flake8"]
docs = ["Sphinx (>=1.2.2)", "sphinx-autodoc-typehints (>=1)"]
eventlet = ["eventlet (>=0.17.1)"]
gevent = ["gevent (>=1.2)"]
sasl = ["pure-sasl (>=0.5.1)"]
test = ["eventlet (>=0.17.1)", "gevent (>=1.2)", "objgraph", "pyjks", "pyopenssl", "pytest", "pytest-cov"]
typing = ["mypy (>=0.991)"]

[metadata]
lock-version = "2.0"
python-versions = "^3.12"
content-hash = "dc2a99ec28dc9f7bdd0d9f54257f44097c9bba9bfb1ec10295c50f4e248d798e"
